PODS:
  - SSAppURLs (0.1.0)
  - SSDataSources (0.7.1)
  - SSPreferredBrowser (0.0.3):
    - SSAppURLs (>= 0.0.7)

DEPENDENCIES:
  - SSDataSources
  - SSPreferredBrowser (from `../`)

EXTERNAL SOURCES:
  SSPreferredBrowser:
    :path: ../

SPEC CHECKSUMS:
  SSAppURLs: 86afc9c11c9a06fb7ad773f32cad5d7f91f220f5
  SSDataSources: a92a102491a3f6ab45962577a7fe3784e7b20c2e
  SSPreferredBrowser: 12cb57ab449227eec563a39708870cff5380246d

COCOAPODS: 0.33.1
