PODS:
  - SSAppURLs (0.1.0)
  - SSDataSources (0.8.5)
  - SSPreferredBrowser (0.0.3):
    - SSAppURLs (>= 0.0.7)

DEPENDENCIES:
  - SSDataSources
  - SSPreferredBrowser (from `../SSPreferredBrowser.podspec`)

EXTERNAL SOURCES:
  SSPreferredBrowser:
    :path: "../SSPreferredBrowser.podspec"

SPEC CHECKSUMS:
  SSAppURLs: 945572b74ae04e27522a58f144967715e2fcd7a6
  SSDataSources: b01170fb23b82acf0649194e9189b0bf5f702681
  SSPreferredBrowser: 22ddc1fd44f754f0b8c68bb380e3e9367d5c33b4

COCOAPODS: 0.37.0
